
Microsoft Visual Studio Solution File, Format Version 12.00
# Visual Studio 15
VisualStudioVersion = 15.0.26430.16
MinimumVisualStudioVersion = 10.0.40219.1
Project("{FAE04EC0-301F-11D3-BF4B-00C04F79EFBC}") = "Apps.Web", "Admin\Apps.Web.csproj", "{741593FD-027B-4BDB-B371-E20013860575}"
EndProject
Project("{FAE04EC0-301F-11D3-BF4B-00C04F79EFBC}") = "Apps.Common", "Apps.Common\Apps.Common.csproj", "{637C3CCE-1F73-4F7F-B1A8-265DBA0BD589}"
EndProject
Project("{FAE04EC0-301F-11D3-BF4B-00C04F79EFBC}") = "Apps.Core", "Apps.Core\Apps.Core.csproj", "{7D1421A6-BD5B-42DB-B6CC-15AEB77498CA}"
EndProject
Project("{FAE04EC0-301F-11D3-BF4B-00C04F79EFBC}") = "Apps.Jobs", "Apps.Jobs\Apps.Jobs.csproj", "{13085B78-60EE-458C-B35F-12FC270ECF35}"
EndProject
Project("{FAE04EC0-301F-11D3-BF4B-00C04F79EFBC}") = "Apps.Locale", "Apps.Locale\Apps.Locale.csproj", "{FA0734B3-4835-4F4D-9A52-78D8991EB0D5}"
EndProject
Project("{FAE04EC0-301F-11D3-BF4B-00C04F79EFBC}") = "Apps.Models", "Apps.Models\Apps.Models.csproj", "{366430BA-A6FC-498E-8901-3CBCB9957809}"
EndProject
Project("{2150E333-8FDC-42A3-9474-1A3956D46DE8}") = "Base", "Base", "{4BEE00AD-1CF9-457A-A703-DB3F09A74C35}"
EndProject
Project("{FAE04EC0-301F-11D3-BF4B-00C04F79EFBC}") = "Apps.BLL", "Apps.BLL\Apps.BLL.csproj", "{45FB30C6-14AF-4006-8662-E989EA361D90}"
EndProject
Project("{FAE04EC0-301F-11D3-BF4B-00C04F79EFBC}") = "Apps.IBLL", "Apps.IBLL\Apps.IBLL.csproj", "{AB79F9D7-CD17-4C59-B947-CCE91AF39846}"
EndProject
Project("{FAE04EC0-301F-11D3-BF4B-00C04F79EFBC}") = "Apps.DAL", "Apps.DAL\Apps.DAL.csproj", "{90B815CC-4226-44B4-AF2E-713E82500D01}"
EndProject
Project("{FAE04EC0-301F-11D3-BF4B-00C04F79EFBC}") = "Apps.IDAL", "Apps.IDAL\Apps.IDAL.csproj", "{B7A15CBF-4E05-47D8-9C28-20D5E9939704}"
EndProject
Global
	GlobalSection(SolutionConfigurationPlatforms) = preSolution
		Debug|Any CPU = Debug|Any CPU
		Release|Any CPU = Release|Any CPU
	EndGlobalSection
	GlobalSection(ProjectConfigurationPlatforms) = postSolution
		{741593FD-027B-4BDB-B371-E20013860575}.Debug|Any CPU.ActiveCfg = Debug|Any CPU
		{741593FD-027B-4BDB-B371-E20013860575}.Debug|Any CPU.Build.0 = Debug|Any CPU
		{741593FD-027B-4BDB-B371-E20013860575}.Release|Any CPU.ActiveCfg = Release|Any CPU
		{741593FD-027B-4BDB-B371-E20013860575}.Release|Any CPU.Build.0 = Release|Any CPU
		{637C3CCE-1F73-4F7F-B1A8-265DBA0BD589}.Debug|Any CPU.ActiveCfg = Debug|Any CPU
		{637C3CCE-1F73-4F7F-B1A8-265DBA0BD589}.Debug|Any CPU.Build.0 = Debug|Any CPU
		{637C3CCE-1F73-4F7F-B1A8-265DBA0BD589}.Release|Any CPU.ActiveCfg = Release|Any CPU
		{637C3CCE-1F73-4F7F-B1A8-265DBA0BD589}.Release|Any CPU.Build.0 = Release|Any CPU
		{7D1421A6-BD5B-42DB-B6CC-15AEB77498CA}.Debug|Any CPU.ActiveCfg = Debug|Any CPU
		{7D1421A6-BD5B-42DB-B6CC-15AEB77498CA}.Debug|Any CPU.Build.0 = Debug|Any CPU
		{7D1421A6-BD5B-42DB-B6CC-15AEB77498CA}.Release|Any CPU.ActiveCfg = Release|Any CPU
		{7D1421A6-BD5B-42DB-B6CC-15AEB77498CA}.Release|Any CPU.Build.0 = Release|Any CPU
		{13085B78-60EE-458C-B35F-12FC270ECF35}.Debug|Any CPU.ActiveCfg = Debug|Any CPU
		{13085B78-60EE-458C-B35F-12FC270ECF35}.Debug|Any CPU.Build.0 = Debug|Any CPU
		{13085B78-60EE-458C-B35F-12FC270ECF35}.Release|Any CPU.ActiveCfg = Release|Any CPU
		{13085B78-60EE-458C-B35F-12FC270ECF35}.Release|Any CPU.Build.0 = Release|Any CPU
		{FA0734B3-4835-4F4D-9A52-78D8991EB0D5}.Debug|Any CPU.ActiveCfg = Debug|Any CPU
		{FA0734B3-4835-4F4D-9A52-78D8991EB0D5}.Debug|Any CPU.Build.0 = Debug|Any CPU
		{FA0734B3-4835-4F4D-9A52-78D8991EB0D5}.Release|Any CPU.ActiveCfg = Release|Any CPU
		{FA0734B3-4835-4F4D-9A52-78D8991EB0D5}.Release|Any CPU.Build.0 = Release|Any CPU
		{366430BA-A6FC-498E-8901-3CBCB9957809}.Debug|Any CPU.ActiveCfg = Debug|Any CPU
		{366430BA-A6FC-498E-8901-3CBCB9957809}.Debug|Any CPU.Build.0 = Debug|Any CPU
		{366430BA-A6FC-498E-8901-3CBCB9957809}.Release|Any CPU.ActiveCfg = Release|Any CPU
		{366430BA-A6FC-498E-8901-3CBCB9957809}.Release|Any CPU.Build.0 = Release|Any CPU
		{45FB30C6-14AF-4006-8662-E989EA361D90}.Debug|Any CPU.ActiveCfg = Debug|Any CPU
		{45FB30C6-14AF-4006-8662-E989EA361D90}.Debug|Any CPU.Build.0 = Debug|Any CPU
		{45FB30C6-14AF-4006-8662-E989EA361D90}.Release|Any CPU.ActiveCfg = Release|Any CPU
		{45FB30C6-14AF-4006-8662-E989EA361D90}.Release|Any CPU.Build.0 = Release|Any CPU
		{AB79F9D7-CD17-4C59-B947-CCE91AF39846}.Debug|Any CPU.ActiveCfg = Debug|Any CPU
		{AB79F9D7-CD17-4C59-B947-CCE91AF39846}.Debug|Any CPU.Build.0 = Debug|Any CPU
		{AB79F9D7-CD17-4C59-B947-CCE91AF39846}.Release|Any CPU.ActiveCfg = Release|Any CPU
		{AB79F9D7-CD17-4C59-B947-CCE91AF39846}.Release|Any CPU.Build.0 = Release|Any CPU
		{90B815CC-4226-44B4-AF2E-713E82500D01}.Debug|Any CPU.ActiveCfg = Debug|Any CPU
		{90B815CC-4226-44B4-AF2E-713E82500D01}.Debug|Any CPU.Build.0 = Debug|Any CPU
		{90B815CC-4226-44B4-AF2E-713E82500D01}.Release|Any CPU.ActiveCfg = Release|Any CPU
		{90B815CC-4226-44B4-AF2E-713E82500D01}.Release|Any CPU.Build.0 = Release|Any CPU
		{B7A15CBF-4E05-47D8-9C28-20D5E9939704}.Debug|Any CPU.ActiveCfg = Debug|Any CPU
		{B7A15CBF-4E05-47D8-9C28-20D5E9939704}.Debug|Any CPU.Build.0 = Debug|Any CPU
		{B7A15CBF-4E05-47D8-9C28-20D5E9939704}.Release|Any CPU.ActiveCfg = Release|Any CPU
		{B7A15CBF-4E05-47D8-9C28-20D5E9939704}.Release|Any CPU.Build.0 = Release|Any CPU
	EndGlobalSection
	GlobalSection(SolutionProperties) = preSolution
		HideSolutionNode = FALSE
	EndGlobalSection
	GlobalSection(NestedProjects) = preSolution
		{45FB30C6-14AF-4006-8662-E989EA361D90} = {4BEE00AD-1CF9-457A-A703-DB3F09A74C35}
		{AB79F9D7-CD17-4C59-B947-CCE91AF39846} = {4BEE00AD-1CF9-457A-A703-DB3F09A74C35}
		{90B815CC-4226-44B4-AF2E-713E82500D01} = {4BEE00AD-1CF9-457A-A703-DB3F09A74C35}
		{B7A15CBF-4E05-47D8-9C28-20D5E9939704} = {4BEE00AD-1CF9-457A-A703-DB3F09A74C35}
	EndGlobalSection
EndGlobal
